{
  "name": "dotfiles",
  "lockfileVersion": 3,
  "requires": true,
  "packages": {
    "": {
      "name": "dotfiles",
      "dependencies": {
        "wallpaper": "^6.1.1"
      }
    },
    "node_modules/wallpaper": {
      "version": "6.1.1",
      "resolved": "https://registry.npmjs.org/wallpaper/-/wallpaper-6.1.1.tgz",
      "integrity": "sha512-CWvtaanpICvFOhqr0xlAnAgxHNROK3yGN/vaSnLUyTJmmJ5ipfJpByn1yqCNV22ZNQfXULi1xS/+W9riRMXMjQ==",
      "engines": {
        "node": "^12.20.0 || ^14.13.1 || >=16.0.0"
      }
    }
  }
}
